hash: ad89512553fb16f9d138ab0b403b08ae14cd4275ec8165a25aec72760388c130
updated: 2016-08-14T00:05:20.723021891+08:00
imports:
- name: github.com/garyburd/redigo
  version: 8873b2f1995f59d4bcdd2b0dc9858e2cb9bf0c13
  subpackages:
  - internal
  - redis
- name: github.com/imdario/mergo
  version: 3e95a51e0639b4cf372f2ccf74c86749d747fbdc
testImports: []
